
Microsoft Visual Studio Solution File, Format Version 11.00
# Visual Studio 2010
Project("{FAE04EC0-301F-11D3-BF4B-00C04F79EFBC}") = "AprioriAlgorithm", "AprioriAlgorithm\AprioriAlgorithm.csproj", "{49F14BB7-E49E-4574-8038-25ABB6D5CF46}"
EndProject
Project("{FAE04EC0-301F-11D3-BF4B-00C04F79EFBC}") = "UnitTests", "UnitTests\UnitTests.csproj", "{C82787D0-76FA-49D9-8894-78F2644A7000}"
EndProject
Project("{2150E333-8FDC-42A3-9474-1A3956D46DE8}") = "Solution Items", "Solution Items", "{8979F4F3-23F8-40A0-AB35-7882426FD50F}"
	ProjectSection(SolutionItems) = preProject
		Apriori.vsmdi = Apriori.vsmdi
		Local.testsettings = Local.testsettings
		TraceAndTestImpact.testsettings = TraceAndTestImpact.testsettings
	EndProjectSection
EndProject
Project("{FAE04EC0-301F-11D3-BF4B-00C04F79EFBC}") = "WPFClient", "WPFClient\WPFClient.csproj", "{B20F3B49-50C0-4160-BA1B-87FDF077CD79}"
EndProject
Global
	GlobalSection(TestCaseManagementSettings) = postSolution
		CategoryFile = Apriori.vsmdi
	EndGlobalSection
	GlobalSection(SolutionConfigurationPlatforms) = preSolution
		Debug|Any CPU = Debug|Any CPU
		Debug|Mixed Platforms = Debug|Mixed Platforms
		Debug|x86 = Debug|x86
		Release|Any CPU = Release|Any CPU
		Release|Mixed Platforms = Release|Mixed Platforms
		Release|x86 = Release|x86
	EndGlobalSection
	GlobalSection(ProjectConfigurationPlatforms) = postSolution
		{49F14BB7-E49E-4574-8038-25ABB6D5CF46}.Debug|Any CPU.ActiveCfg = Debug|Any CPU
		{49F14BB7-E49E-4574-8038-25ABB6D5CF46}.Debug|Any CPU.Build.0 = Debug|Any CPU
		{49F14BB7-E49E-4574-8038-25ABB6D5CF46}.Debug|Mixed Platforms.ActiveCfg = Debug|Any CPU
		{49F14BB7-E49E-4574-8038-25ABB6D5CF46}.Debug|Mixed Platforms.Build.0 = Debug|Any CPU
		{49F14BB7-E49E-4574-8038-25ABB6D5CF46}.Debug|x86.ActiveCfg = Debug|Any CPU
		{49F14BB7-E49E-4574-8038-25ABB6D5CF46}.Release|Any CPU.ActiveCfg = Release|Any CPU
		{49F14BB7-E49E-4574-8038-25ABB6D5CF46}.Release|Any CPU.Build.0 = Release|Any CPU
		{49F14BB7-E49E-4574-8038-25ABB6D5CF46}.Release|Mixed Platforms.ActiveCfg = Release|Any CPU
		{49F14BB7-E49E-4574-8038-25ABB6D5CF46}.Release|Mixed Platforms.Build.0 = Release|Any CPU
		{49F14BB7-E49E-4574-8038-25ABB6D5CF46}.Release|x86.ActiveCfg = Release|Any CPU
		{C82787D0-76FA-49D9-8894-78F2644A7000}.Debug|Any CPU.ActiveCfg = Debug|Any CPU
		{C82787D0-76FA-49D9-8894-78F2644A7000}.Debug|Any CPU.Build.0 = Debug|Any CPU
		{C82787D0-76FA-49D9-8894-78F2644A7000}.Debug|Mixed Platforms.ActiveCfg = Debug|Any CPU
		{C82787D0-76FA-49D9-8894-78F2644A7000}.Debug|Mixed Platforms.Build.0 = Debug|Any CPU
		{C82787D0-76FA-49D9-8894-78F2644A7000}.Debug|x86.ActiveCfg = Debug|Any CPU
		{C82787D0-76FA-49D9-8894-78F2644A7000}.Release|Any CPU.ActiveCfg = Release|Any CPU
		{C82787D0-76FA-49D9-8894-78F2644A7000}.Release|Any CPU.Build.0 = Release|Any CPU
		{C82787D0-76FA-49D9-8894-78F2644A7000}.Release|Mixed Platforms.ActiveCfg = Release|Any CPU
		{C82787D0-76FA-49D9-8894-78F2644A7000}.Release|Mixed Platforms.Build.0 = Release|Any CPU
		{C82787D0-76FA-49D9-8894-78F2644A7000}.Release|x86.ActiveCfg = Release|Any CPU
		{B20F3B49-50C0-4160-BA1B-87FDF077CD79}.Debug|Any CPU.ActiveCfg = Debug|x86
		{B20F3B49-50C0-4160-BA1B-87FDF077CD79}.Debug|Mixed Platforms.ActiveCfg = Debug|x86
		{B20F3B49-50C0-4160-BA1B-87FDF077CD79}.Debug|Mixed Platforms.Build.0 = Debug|x86
		{B20F3B49-50C0-4160-BA1B-87FDF077CD79}.Debug|x86.ActiveCfg = Debug|x86
		{B20F3B49-50C0-4160-BA1B-87FDF077CD79}.Debug|x86.Build.0 = Debug|x86
		{B20F3B49-50C0-4160-BA1B-87FDF077CD79}.Release|Any CPU.ActiveCfg = Release|x86
		{B20F3B49-50C0-4160-BA1B-87FDF077CD79}.Release|Mixed Platforms.ActiveCfg = Release|x86
		{B20F3B49-50C0-4160-BA1B-87FDF077CD79}.Release|Mixed Platforms.Build.0 = Release|x86
		{B20F3B49-50C0-4160-BA1B-87FDF077CD79}.Release|x86.ActiveCfg = Release|x86
		{B20F3B49-50C0-4160-BA1B-87FDF077CD79}.Release|x86.Build.0 = Release|x86
	EndGlobalSection
	GlobalSection(SolutionProperties) = preSolution
		HideSolutionNode = FALSE
	EndGlobalSection
EndGlobal
